// !$*UTF8*$!
{
	archiveVersion = 1;
	classes = {
	};
	objectVersion = 56;
	objects = {

/* Begin PBXBuildFile section */
		55C67E6F2AB301C40046F07C /* NewsRSSReaderApp.swift in Sources */ = {isa = PBXBuildFile; fileRef = 55C67E6E2AB301C40046F07C /* NewsRSSReaderApp.swift */; };
		55C67E712AB301C40046F07C /* ContentView.swift in Sources */ = {isa = PBXBuildFile; fileRef = 55C67E702AB301C40046F07C /* ContentView.swift */; };
		55C67E732AB301C50046F07C /* Assets.xcassets in Resources */ = {isa = PBXBuildFile; fileRef = 55C67E722AB301C50046F07C /* Assets.xcassets */; };
		55C67E762AB301C50046F07C /* Preview Assets.xcassets in Resources */ = {isa = PBXBuildFile; fileRef = 55C67E752AB301C50046F07C /* Preview Assets.xcassets */; };
		C730CC812CA9B189000D09A7 /* NewsView.swift in Sources */ = {isa = PBXBuildFile; fileRef = C730CC802CA9B189000D09A7 /* NewsView.swift */; };
		C730CC832CA9B202000D09A7 /* NewsTop.swift in Sources */ = {isa = PBXBuildFile; fileRef = C730CC822CA9B202000D09A7 /* NewsTop.swift */; };
		C730CC852CA9B277000D09A7 /* NewsTabs.swift in Sources */ = {isa = PBXBuildFile; fileRef = C730CC842CA9B277000D09A7 /* NewsTabs.swift */; };
		C73BA5902BEB946C00A5B828 /* FeedKit in Frameworks */ = {isa = PBXBuildFile; productRef = C73BA58F2BEB946C00A5B828 /* FeedKit */; };
		C77308402CD8F03E00CDD24B /* CategoryView.swift in Sources */ = {isa = PBXBuildFile; fileRef = C773083F2CD8F03E00CDD24B /* CategoryView.swift */; };
		C7A345672CD7C6AB004D1009 /* MenuView.swift in Sources */ = {isa = PBXBuildFile; fileRef = C7A345662CD7C6AA004D1009 /* MenuView.swift */; };
		C7A402AF2BE51324005E5F71 /* HomeViewModel.swift in Sources */ = {isa = PBXBuildFile; fileRef = C7A402AE2BE51324005E5F71 /* HomeViewModel.swift */; };
		C7A402B32BE513A3005E5F71 /* Home.swift in Sources */ = {isa = PBXBuildFile; fileRef = C7A402B22BE513A3005E5F71 /* Home.swift */; };
		C7A402B92BE51484005E5F71 /* WebView.swift in Sources */ = {isa = PBXBuildFile; fileRef = C7A402B72BE51484005E5F71 /* WebView.swift */; };
		C7D7F9D62CD6886600207A7E /* Shimmer.swift in Sources */ = {isa = PBXBuildFile; fileRef = C7D7F9D52CD6886400207A7E /* Shimmer.swift */; };
		C7D832202BE3D50C0037D5A9 /* SDWebImageSwiftUI in Frameworks */ = {isa = PBXBuildFile; productRef = C7D8321F2BE3D50C0037D5A9 /* SDWebImageSwiftUI */; };
		C7E265CC2CA87686004B6AE3 /* LentaFeedService.swift in Sources */ = {isa = PBXBuildFile; fileRef = C7E265CB2CA87686004B6AE3 /* LentaFeedService.swift */; };
		C7E265CE2CA879F7004B6AE3 /* NewsItem.swift in Sources */ = {isa = PBXBuildFile; fileRef = C7E265CD2CA879F7004B6AE3 /* NewsItem.swift */; };
/* End PBXBuildFile section */

/* Begin PBXFileReference section */
		55C67E6B2AB301C40046F07C /* NewsRSSReader.app */ = {isa = PBXFileReference; explicitFileType = wrapper.application; includeInIndex = 0; path = NewsRSSReader.app; sourceTree = BUILT_PRODUCTS_DIR; };
		55C67E6E2AB301C40046F07C /* NewsRSSReaderApp.swift */ = {isa = PBXFileReference; lastKnownFileType = sourcecode.swift; path = NewsRSSReaderApp.swift; sourceTree = "<group>"; };
		55C67E702AB301C40046F07C /* ContentView.swift */ = {isa = PBXFileReference; lastKnownFileType = sourcecode.swift; path = ContentView.swift; sourceTree = "<group>"; };
		55C67E722AB301C50046F07C /* Assets.xcassets */ = {isa = PBXFileReference; lastKnownFileType = folder.assetcatalog; path = Assets.xcassets; sourceTree = "<group>"; };
		55C67E752AB301C50046F07C /* Preview Assets.xcassets */ = {isa = PBXFileReference; lastKnownFileType = folder.assetcatalog; path = "Preview Assets.xcassets"; sourceTree = "<group>"; };
		C730CC802CA9B189000D09A7 /* NewsView.swift */ = {isa = PBXFileReference; lastKnownFileType = sourcecode.swift; path = NewsView.swift; sourceTree = "<group>"; };
		C730CC822CA9B202000D09A7 /* NewsTop.swift */ = {isa = PBXFileReference; lastKnownFileType = sourcecode.swift; path = NewsTop.swift; sourceTree = "<group>"; };
		C730CC842CA9B277000D09A7 /* NewsTabs.swift */ = {isa = PBXFileReference; lastKnownFileType = sourcecode.swift; path = NewsTabs.swift; sourceTree = "<group>"; };
		C773083F2CD8F03E00CDD24B /* CategoryView.swift */ = {isa = PBXFileReference; lastKnownFileType = sourcecode.swift; path = CategoryView.swift; sourceTree = "<group>"; };
		C7A345662CD7C6AA004D1009 /* MenuView.swift */ = {isa = PBXFileReference; lastKnownFileType = sourcecode.swift; path = MenuView.swift; sourceTree = "<group>"; };
		C7A402AE2BE51324005E5F71 /* HomeViewModel.swift */ = {isa = PBXFileReference; lastKnownFileType = sourcecode.swift; path = HomeViewModel.swift; sourceTree = "<group>"; };
		C7A402B22BE513A3005E5F71 /* Home.swift */ = {isa = PBXFileReference; fileEncoding = 4; lastKnownFileType = sourcecode.swift; path = Home.swift; sourceTree = "<group>"; };
		C7A402B72BE51484005E5F71 /* WebView.swift */ = {isa = PBXFileReference; lastKnownFileType = sourcecode.swift; path = WebView.swift; sourceTree = "<group>"; };
		C7D7F9D52CD6886400207A7E /* Shimmer.swift */ = {isa = PBXFileReference; lastKnownFileType = sourcecode.swift; path = Shimmer.swift; sourceTree = "<group>"; };
		C7E265CB2CA87686004B6AE3 /* LentaFeedService.swift */ = {isa = PBXFileReference; lastKnownFileType = sourcecode.swift; path = LentaFeedService.swift; sourceTree = "<group>"; };
		C7E265CD2CA879F7004B6AE3 /* NewsItem.swift */ = {isa = PBXFileReference; lastKnownFileType = sourcecode.swift; path = NewsItem.swift; sourceTree = "<group>"; };
/* End PBXFileReference section */

/* Begin PBXFrameworksBuildPhase section */
		55C67E682AB301C40046F07C /* Frameworks */ = {
			isa = PBXFrameworksBuildPhase;
			buildActionMask = 2147483647;
			files = (
				C7D832202BE3D50C0037D5A9 /* SDWebImageSwiftUI in Frameworks */,
				C73BA5902BEB946C00A5B828 /* FeedKit in Frameworks */,
			);
			runOnlyForDeploymentPostprocessing = 0;
		};
/* End PBXFrameworksBuildPhase section */

/* Begin PBXGroup section */
		55C67E622AB301C40046F07C = {
			isa = PBXGroup;
			children = (
				55C67E6D2AB301C40046F07C /* NewsRSSReader */,
				55C67E6C2AB301C40046F07C /* Products */,
			);
			sourceTree = "<group>";
		};
		55C67E6C2AB301C40046F07C /* Products */ = {
			isa = PBXGroup;
			children = (
				55C67E6B2AB301C40046F07C /* NewsRSSReader.app */,
			);
			name = Products;
			sourceTree = "<group>";
		};
		55C67E6D2AB301C40046F07C /* NewsRSSReader */ = {
			isa = PBXGroup;
			children = (
				C7A402BA2BE51496005E5F71 /* ViewComponents */,
				C7A402B42BE513C1005E5F71 /* Views */,
				C7074E8C2BE23ED600D922B4 /* Services */,
				C7074E892BE23DE300D922B4 /* Model */,
				55C67E6E2AB301C40046F07C /* NewsRSSReaderApp.swift */,
				55C67E702AB301C40046F07C /* ContentView.swift */,
				55C67E722AB301C50046F07C /* Assets.xcassets */,
				55C67E742AB301C50046F07C /* Preview Content */,
			);
			path = NewsRSSReader;
			sourceTree = "<group>";
		};
		55C67E742AB301C50046F07C /* Preview Content */ = {
			isa = PBXGroup;
			children = (
				55C67E752AB301C50046F07C /* Preview Assets.xcassets */,
			);
			path = "Preview Content";
			sourceTree = "<group>";
		};
		C7074E892BE23DE300D922B4 /* Model */ = {
			isa = PBXGroup;
			children = (
				C7E265CD2CA879F7004B6AE3 /* NewsItem.swift */,
			);
			path = Model;
			sourceTree = "<group>";
		};
		C7074E8C2BE23ED600D922B4 /* Services */ = {
			isa = PBXGroup;
			children = (
				C7E265CB2CA87686004B6AE3 /* LentaFeedService.swift */,
			);
			path = Services;
			sourceTree = "<group>";
		};
		C7A402B42BE513C1005E5F71 /* Views */ = {
			isa = PBXGroup;
			children = (
				C7A402AE2BE51324005E5F71 /* HomeViewModel.swift */,
				C7A402B22BE513A3005E5F71 /* Home.swift */,
				C730CC842CA9B277000D09A7 /* NewsTabs.swift */,
				C730CC822CA9B202000D09A7 /* NewsTop.swift */,
				C730CC802CA9B189000D09A7 /* NewsView.swift */,
				C773083F2CD8F03E00CDD24B /* CategoryView.swift */,
			);
			path = Views;
			sourceTree = "<group>";
		};
		C7A402BA2BE51496005E5F71 /* ViewComponents */ = {
			isa = PBXGroup;
			children = (
				C7A345662CD7C6AA004D1009 /* MenuView.swift */,
				C7D7F9D52CD6886400207A7E /* Shimmer.swift */,
				C7A402B72BE51484005E5F71 /* WebView.swift */,
			);
			path = ViewComponents;
			sourceTree = "<group>";
		};
/* End PBXGroup section */

/* Begin PBXNativeTarget section */
		55C67E6A2AB301C40046F07C /* NewsRSSReader */ = {
			isa = PBXNativeTarget;
			buildConfigurationList = 55C67E792AB301C50046F07C /* Build configuration list for PBXNativeTarget "NewsRSSReader" */;
			buildPhases = (
				55C67E672AB301C40046F07C /* Sources */,
				55C67E682AB301C40046F07C /* Frameworks */,
				55C67E692AB301C40046F07C /* Resources */,
			);
			buildRules = (
			);
			dependencies = (
			);
			name = NewsRSSReader;
			packageProductDependencies = (
				C7D8321F2BE3D50C0037D5A9 /* SDWebImageSwiftUI */,
				C73BA58F2BEB946C00A5B828 /* FeedKit */,
			);
			productName = NewsRSSReader;
			productReference = 55C67E6B2AB301C40046F07C /* NewsRSSReader.app */;
			productType = "com.apple.product-type.application";
		};
/* End PBXNativeTarget section */

/* Begin PBXProject section */
		55C67E632AB301C40046F07C /* Project object */ = {
			isa = PBXProject;
			attributes = {
				BuildIndependentTargetsInParallel = 1;
				LastSwiftUpdateCheck = 1430;
				LastUpgradeCheck = 1610;
				TargetAttributes = {
					55C67E6A2AB301C40046F07C = {
						CreatedOnToolsVersion = 14.3.1;
					};
				};
			};
			buildConfigurationList = 55C67E662AB301C40046F07C /* Build configuration list for PBXProject "NewsRSSReader" */;
			compatibilityVersion = "Xcode 14.0";
			developmentRegion = en;
			hasScannedForEncodings = 0;
			knownRegions = (
				en,
				Base,
			);
			mainGroup = 55C67E622AB301C40046F07C;
			packageReferences = (
				C7D8321E2BE3D50C0037D5A9 /* XCRemoteSwiftPackageReference "SDWebImageSwiftUI" */,
				C73BA58E2BEB946C00A5B828 /* XCRemoteSwiftPackageReference "FeedKit" */,
			);
			productRefGroup = 55C67E6C2AB301C40046F07C /* Products */;
			projectDirPath = "";
			projectRoot = "";
			targets = (
				55C67E6A2AB301C40046F07C /* NewsRSSReader */,
			);
		};
/* End PBXProject section */

/* Begin PBXResourcesBuildPhase section */
		55C67E692AB301C40046F07C /* Resources */ = {
			isa = PBXResourcesBuildPhase;
			buildActionMask = 2147483647;
			files = (
				55C67E762AB301C50046F07C /* Preview Assets.xcassets in Resources */,
				55C67E732AB301C50046F07C /* Assets.xcassets in Resources */,
			);
			runOnlyForDeploymentPostprocessing = 0;
		};
/* End PBXResourcesBuildPhase section */

/* Begin PBXSourcesBuildPhase section */
		55C67E672AB301C40046F07C /* Sources */ = {
			isa = PBXSourcesBuildPhase;
			buildActionMask = 2147483647;
			files = (
				C730CC852CA9B277000D09A7 /* NewsTabs.swift in Sources */,
				C7D7F9D62CD6886600207A7E /* Shimmer.swift in Sources */,
				C7A402B92BE51484005E5F71 /* WebView.swift in Sources */,
				C7E265CC2CA87686004B6AE3 /* LentaFeedService.swift in Sources */,
				C730CC812CA9B189000D09A7 /* NewsView.swift in Sources */,
				55C67E712AB301C40046F07C /* ContentView.swift in Sources */,
				C7A345672CD7C6AB004D1009 /* MenuView.swift in Sources */,
				C77308402CD8F03E00CDD24B /* CategoryView.swift in Sources */,
				C7A402B32BE513A3005E5F71 /* Home.swift in Sources */,
				C730CC832CA9B202000D09A7 /* NewsTop.swift in Sources */,
				55C67E6F2AB301C40046F07C /* NewsRSSReaderApp.swift in Sources */,
				C7E265CE2CA879F7004B6AE3 /* NewsItem.swift in Sources */,
				C7A402AF2BE51324005E5F71 /* HomeViewModel.swift in Sources */,
			);
			runOnlyForDeploymentPostprocessing = 0;
		};
/* End PBXSourcesBuildPhase section */

/* Begin XCBuildConfiguration section */
		55C67E772AB301C50046F07C /* Debug */ = {
			isa = XCBuildConfiguration;
			buildSettings = {
				ALWAYS_SEARCH_USER_PATHS = NO;
				CLANG_ANALYZER_NONNULL = YES;
				CLANG_ANALYZER_NUMBER_OBJECT_CONVERSION = YES_AGGRESSIVE;
				CLANG_CXX_LANGUAGE_STANDARD = "gnu++20";
				CLANG_ENABLE_MODULES = YES;
				CLANG_ENABLE_OBJC_ARC = YES;
				CLANG_ENABLE_OBJC_WEAK = YES;
				CLANG_WARN_BLOCK_CAPTURE_AUTORELEASING = YES;
				CLANG_WARN_BOOL_CONVERSION = YES;
				CLANG_WARN_COMMA = YES;
				CLANG_WARN_CONSTANT_CONVERSION = YES;
				CLANG_WARN_DEPRECATED_OBJC_IMPLEMENTATIONS = YES;
				CLANG_WARN_DIRECT_OBJC_ISA_USAGE = YES_ERROR;
				CLANG_WARN_DOCUMENTATION_COMMENTS = YES;
				CLANG_WARN_EMPTY_BODY = YES;
				CLANG_WARN_ENUM_CONVERSION = YES;
				CLANG_WARN_INFINITE_RECURSION = YES;
				CLANG_WARN_INT_CONVERSION = YES;
				CLANG_WARN_NON_LITERAL_NULL_CONVERSION = YES;
				CLANG_WARN_OBJC_IMPLICIT_RETAIN_SELF = YES;
				CLANG_WARN_OBJC_LITERAL_CONVERSION = YES;
				CLANG_WARN_OBJC_ROOT_CLASS = YES_ERROR;
				CLANG_WARN_QUOTED_INCLUDE_IN_FRAMEWORK_HEADER = YES;
				CLANG_WARN_RANGE_LOOP_ANALYSIS = YES;
				CLANG_WARN_STRICT_PROTOTYPES = YES;
				CLANG_WARN_SUSPICIOUS_MOVE = YES;
				CLANG_WARN_UNGUARDED_AVAILABILITY = YES_AGGRESSIVE;
				CLANG_WARN_UNREACHABLE_CODE = YES;
				CLANG_WARN__DUPLICATE_METHOD_MATCH = YES;
				COPY_PHASE_STRIP = NO;
				DEBUG_INFORMATION_FORMAT = dwarf;
				ENABLE_STRICT_OBJC_MSGSEND = YES;
				ENABLE_TESTABILITY = YES;
				ENABLE_USER_SCRIPT_SANDBOXING = YES;
				GCC_C_LANGUAGE_STANDARD = gnu11;
				GCC_DYNAMIC_NO_PIC = NO;
				GCC_NO_COMMON_BLOCKS = YES;
				GCC_OPTIMIZATION_LEVEL = 0;
				GCC_PREPROCESSOR_DEFINITIONS = (
					"DEBUG=1",
					"$(inherited)",
				);
				GCC_WARN_64_TO_32_BIT_CONVERSION = YES;
				GCC_WARN_ABOUT_RETURN_TYPE = YES_ERROR;
				GCC_WARN_UNDECLARED_SELECTOR = YES;
				GCC_WARN_UNINITIALIZED_AUTOS = YES_AGGRESSIVE;
				GCC_WARN_UNUSED_FUNCTION = YES;
				GCC_WARN_UNUSED_VARIABLE = YES;
				IPHONEOS_DEPLOYMENT_TARGET = 16.4;
				MTL_ENABLE_DEBUG_INFO = INCLUDE_SOURCE;
				MTL_FAST_MATH = YES;
				ONLY_ACTIVE_ARCH = YES;
				SDKROOT = iphoneos;
				SWIFT_ACTIVE_COMPILATION_CONDITIONS = DEBUG;
				SWIFT_OPTIMIZATION_LEVEL = "-Onone";
			};
			name = Debug;
		};
		55C67E782AB301C50046F07C /* Release */ = {
			isa = XCBuildConfiguration;
			buildSettings = {
				ALWAYS_SEARCH_USER_PATHS = NO;
				CLANG_ANALYZER_NONNULL = YES;
				CLANG_ANALYZER_NUMBER_OBJECT_CONVERSION = YES_AGGRESSIVE;
				CLANG_CXX_LANGUAGE_STANDARD = "gnu++20";
				CLANG_ENABLE_MODULES = YES;
				CLANG_ENABLE_OBJC_ARC = YES;
				CLANG_ENABLE_OBJC_WEAK = YES;
				CLANG_WARN_BLOCK_CAPTURE_AUTORELEASING = YES;
				CLANG_WARN_BOOL_CONVERSION = YES;
				CLANG_WARN_COMMA = YES;
				CLANG_WARN_CONSTANT_CONVERSION = YES;
				CLANG_WARN_DEPRECATED_OBJC_IMPLEMENTATIONS = YES;
				CLANG_WARN_DIRECT_OBJC_ISA_USAGE = YES_ERROR;
				CLANG_WARN_DOCUMENTATION_COMMENTS = YES;
				CLANG_WARN_EMPTY_BODY = YES;
				CLANG_WARN_ENUM_CONVERSION = YES;
				CLANG_WARN_INFINITE_RECURSION = YES;
				CLANG_WARN_INT_CONVERSION = YES;
				CLANG_WARN_NON_LITERAL_NULL_CONVERSION = YES;
				CLANG_WARN_OBJC_IMPLICIT_RETAIN_SELF = YES;
				CLANG_WARN_OBJC_LITERAL_CONVERSION = YES;
				CLANG_WARN_OBJC_ROOT_CLASS = YES_ERROR;
				CLANG_WARN_QUOTED_INCLUDE_IN_FRAMEWORK_HEADER = YES;
				CLANG_WARN_RANGE_LOOP_ANALYSIS = YES;
				CLANG_WARN_STRICT_PROTOTYPES = YES;
				CLANG_WARN_SUSPICIOUS_MOVE = YES;
				CLANG_WARN_UNGUARDED_AVAILABILITY = YES_AGGRESSIVE;
				CLANG_WARN_UNREACHABLE_CODE = YES;
				CLANG_WARN__DUPLICATE_METHOD_MATCH = YES;
				COPY_PHASE_STRIP = NO;
				DEBUG_INFORMATION_FORMAT = "dwarf-with-dsym";
				ENABLE_NS_ASSERTIONS = NO;
				ENABLE_STRICT_OBJC_MSGSEND = YES;
				ENABLE_USER_SCRIPT_SANDBOXING = YES;
				GCC_C_LANGUAGE_STANDARD = gnu11;
				GCC_NO_COMMON_BLOCKS = YES;
				GCC_WARN_64_TO_32_BIT_CONVERSION = YES;
				GCC_WARN_ABOUT_RETURN_TYPE = YES_ERROR;
				GCC_WARN_UNDECLARED_SELECTOR = YES;
				GCC_WARN_UNINITIALIZED_AUTOS = YES_AGGRESSIVE;
				GCC_WARN_UNUSED_FUNCTION = YES;
				GCC_WARN_UNUSED_VARIABLE = YES;
				IPHONEOS_DEPLOYMENT_TARGET = 16.4;
				MTL_ENABLE_DEBUG_INFO = NO;
				MTL_FAST_MATH = YES;
				SDKROOT = iphoneos;
				SWIFT_COMPILATION_MODE = wholemodule;
				SWIFT_OPTIMIZATION_LEVEL = "-O";
				VALIDATE_PRODUCT = YES;
			};
			name = Release;
		};
		55C67E7A2AB301C50046F07C /* Debug */ = {
			isa = XCBuildConfiguration;
			buildSettings = {
				ASSETCATALOG_COMPILER_APPICON_NAME = AppIcon;
				ASSETCATALOG_COMPILER_GLOBAL_ACCENT_COLOR_NAME = AccentColor;
				CODE_SIGN_STYLE = Automatic;
				CURRENT_PROJECT_VERSION = 1;
				DEVELOPMENT_ASSET_PATHS = "\"NewsRSSReader/Preview Content\"";
				DEVELOPMENT_TEAM = 8CW463USMQ;
				ENABLE_PREVIEWS = YES;
				GENERATE_INFOPLIST_FILE = YES;
				INFOPLIST_KEY_CFBundleDisplayName = Lenta;
				INFOPLIST_KEY_UIApplicationSceneManifest_Generation = YES;
				INFOPLIST_KEY_UIApplicationSupportsIndirectInputEvents = YES;
				INFOPLIST_KEY_UILaunchScreen_Generation = YES;
				INFOPLIST_KEY_UISupportedInterfaceOrientations = UIInterfaceOrientationPortrait;
				INFOPLIST_KEY_UISupportedInterfaceOrientations_iPad = "UIInterfaceOrientationLandscapeLeft UIInterfaceOrientationLandscapeRight UIInterfaceOrientationPortrait UIInterfaceOrientationPortraitUpsideDown";
				LD_RUNPATH_SEARCH_PATHS = (
					"$(inherited)",
					"@executable_path/Frameworks",
				);
				MARKETING_VERSION = 1.0;
				PRODUCT_BUNDLE_IDENTIFIER = reader.NewsRSSReader;
				PRODUCT_NAME = "$(TARGET_NAME)";
				SWIFT_EMIT_LOC_STRINGS = YES;
				SWIFT_VERSION = 5.0;
				TARGETED_DEVICE_FAMILY = "1,2";
			};
			name = Debug;
		};
		55C67E7B2AB301C50046F07C /* Release */ = {
			isa = XCBuildConfiguration;
			buildSettings = {
				ASSETCATALOG_COMPILER_APPICON_NAME = AppIcon;
				ASSETCATALOG_COMPILER_GLOBAL_ACCENT_COLOR_NAME = AccentColor;
				CODE_SIGN_STYLE = Automatic;
				CURRENT_PROJECT_VERSION = 1;
				DEVELOPMENT_ASSET_PATHS = "\"NewsRSSReader/Preview Content\"";
				DEVELOPMENT_TEAM = 8CW463USMQ;
				ENABLE_PREVIEWS = YES;
				GENERATE_INFOPLIST_FILE = YES;
				INFOPLIST_KEY_CFBundleDisplayName = Lenta;
				INFOPLIST_KEY_UIApplicationSceneManifest_Generation = YES;
				INFOPLIST_KEY_UIApplicationSupportsIndirectInputEvents = YES;
				INFOPLIST_KEY_UILaunchScreen_Generation = YES;
				INFOPLIST_KEY_UISupportedInterfaceOrientations = UIInterfaceOrientationPortrait;
				INFOPLIST_KEY_UISupportedInterfaceOrientations_iPad = "UIInterfaceOrientationLandscapeLeft UIInterfaceOrientationLandscapeRight UIInterfaceOrientationPortrait UIInterfaceOrientationPortraitUpsideDown";
				LD_RUNPATH_SEARCH_PATHS = (
					"$(inherited)",
					"@executable_path/Frameworks",
				);
				MARKETING_VERSION = 1.0;
				PRODUCT_BUNDLE_IDENTIFIER = reader.NewsRSSReader;
				PRODUCT_NAME = "$(TARGET_NAME)";
				SWIFT_EMIT_LOC_STRINGS = YES;
				SWIFT_VERSION = 5.0;
				TARGETED_DEVICE_FAMILY = "1,2";
			};
			name = Release;
		};
/* End XCBuildConfiguration section */

/* Begin XCConfigurationList section */
		55C67E662AB301C40046F07C /* Build configuration list for PBXProject "NewsRSSReader" */ = {
			isa = XCConfigurationList;
			buildConfigurations = (
				55C67E772AB301C50046F07C /* Debug */,
				55C67E782AB301C50046F07C /* Release */,
			);
			defaultConfigurationIsVisible = 0;
			defaultConfigurationName = Release;
		};
		55C67E792AB301C50046F07C /* Build configuration list for PBXNativeTarget "NewsRSSReader" */ = {
			isa = XCConfigurationList;
			buildConfigurations = (
				55C67E7A2AB301C50046F07C /* Debug */,
				55C67E7B2AB301C50046F07C /* Release */,
			);
			defaultConfigurationIsVisible = 0;
			defaultConfigurationName = Release;
		};
/* End XCConfigurationList section */

/* Begin XCRemoteSwiftPackageReference section */
		C73BA58E2BEB946C00A5B828 /* XCRemoteSwiftPackageReference "FeedKit" */ = {
			isa = XCRemoteSwiftPackageReference;
			repositoryURL = "https://github.com/nmdias/FeedKit.git";
			requirement = {
				kind = upToNextMajorVersion;
				minimumVersion = 9.1.2;
			};
		};
		C7D8321E2BE3D50C0037D5A9 /* XCRemoteSwiftPackageReference "SDWebImageSwiftUI" */ = {
			isa = XCRemoteSwiftPackageReference;
			repositoryURL = "https://github.com/SDWebImage/SDWebImageSwiftUI.git";
			requirement = {
				kind = upToNextMajorVersion;
				minimumVersion = 3.0.4;
			};
		};
/* End XCRemoteSwiftPackageReference section */

/* Begin XCSwiftPackageProductDependency section */
		C73BA58F2BEB946C00A5B828 /* FeedKit */ = {
			isa = XCSwiftPackageProductDependency;
			package = C73BA58E2BEB946C00A5B828 /* XCRemoteSwiftPackageReference "FeedKit" */;
			productName = FeedKit;
		};
		C7D8321F2BE3D50C0037D5A9 /* SDWebImageSwiftUI */ = {
			isa = XCSwiftPackageProductDependency;
			package = C7D8321E2BE3D50C0037D5A9 /* XCRemoteSwiftPackageReference "SDWebImageSwiftUI" */;
			productName = SDWebImageSwiftUI;
		};
/* End XCSwiftPackageProductDependency section */
	};
	rootObject = 55C67E632AB301C40046F07C /* Project object */;
}
